
Microsoft Visual Studio Solution File, Format Version 12.00
# Visual Studio Version 16
VisualStudioVersion = 16.0.31410.357
MinimumVisualStudioVersion = 10.0.40219.1
Project("{FAE04EC0-301F-11D3-BF4B-00C04F79EFBC}") = "MultiDimension_Arrays", "MultiDimension_Arrays\MultiDimension_Arrays.csproj", "{B000AD0D-E83F-4390-AAE7-5FCF8FA64AC0}"
EndProject
Global
	GlobalSection(SolutionConfigurationPlatforms) = preSolution
		Debug|Any CPU = Debug|Any CPU
		Release|Any CPU = Release|Any CPU
	EndGlobalSection
	GlobalSection(ProjectConfigurationPlatforms) = postSolution
		{B000AD0D-E83F-4390-AAE7-5FCF8FA64AC0}.Debug|Any CPU.ActiveCfg = Debug|Any CPU
		{B000AD0D-E83F-4390-AAE7-5FCF8FA64AC0}.Debug|Any CPU.Build.0 = Debug|Any CPU
		{B000AD0D-E83F-4390-AAE7-5FCF8FA64AC0}.Release|Any CPU.ActiveCfg = Release|Any CPU
		{B000AD0D-E83F-4390-AAE7-5FCF8FA64AC0}.Release|Any CPU.Build.0 = Release|Any CPU
	EndGlobalSection
	GlobalSection(SolutionProperties) = preSolution
		HideSolutionNode = FALSE
	EndGlobalSection
	GlobalSection(ExtensibilityGlobals) = postSolution
		SolutionGuid = {2D4760EC-2CA6-4F05-B97E-A06FA4F9345E}
	EndGlobalSection
EndGlobal
